
Microsoft Visual Studio Solution File, Format Version 12.00
# Visual Studio 2013
VisualStudioVersion = 12.0.31101.0
MinimumVisualStudioVersion = 10.0.40219.1
Project("{FAE04EC0-301F-11D3-BF4B-00C04F79EFBC}") = "RosMockLyn.Cmd", "RosMockLyn.Cmd\RosMockLyn.Cmd.csproj", "{93F224D4-5948-446C-A1AE-D1C7E0D94952}"
EndProject
Project("{FAE04EC0-301F-11D3-BF4B-00C04F79EFBC}") = "RosMockLyn.Core", "RosMockLyn.Core\RosMockLyn.Core.csproj", "{02A07CAC-A4FC-4188-8315-E359C8BEC92D}"
EndProject
Project("{FAE04EC0-301F-11D3-BF4B-00C04F79EFBC}") = "TestProject", "TestProject\TestProject.csproj", "{003D8DE4-2D92-4D3B-A2AC-51C16A622F2C}"
EndProject
Project("{2150E333-8FDC-42A3-9474-1A3956D46DE8}") = ".nuget", ".nuget", "{C6D75B65-C842-4D54-BD80-D9987120A107}"
	ProjectSection(SolutionItems) = preProject
		.nuget\NuGet.Config = .nuget\NuGet.Config
		.nuget\NuGet.exe = .nuget\NuGet.exe
		.nuget\NuGet.targets = .nuget\NuGet.targets
	EndProjectSection
EndProject
Project("{2150E333-8FDC-42A3-9474-1A3956D46DE8}") = "Sandbox", "Sandbox", "{CD908017-07B3-4EEC-A2C6-40437F4824FF}"
EndProject
Project("{FAE04EC0-301F-11D3-BF4B-00C04F79EFBC}") = "GeneratedTestingAssembly", "GeneratedTestingAssembly\GeneratedTestingAssembly.csproj", "{98BD449F-64CC-4193-A76C-1A517CF42632}"
EndProject
Project("{FAE04EC0-301F-11D3-BF4B-00C04F79EFBC}") = "TestingAssembly.Tests", "TestingAssembly.Tests\TestingAssembly.Tests.csproj", "{3AA631B6-C852-4B1B-89EA-119D87516C92}"
EndProject
Global
	GlobalSection(TeamFoundationVersionControl) = preSolution
		SccNumberOfProjects = 6
		SccEnterpriseProvider = {4CA58AB2-18FA-4F8D-95D4-32DDF27D184C}
		SccTeamFoundationServer = https://namelessone.visualstudio.com/defaultcollection
		SccLocalPath0 = .
		SccProjectUniqueName1 = RosMockLyn.Cmd\\RosMockLyn.Cmd.csproj
		SccProjectName1 = RosMockLyn.Cmd
		SccLocalPath1 = RosMockLyn.Cmd
		SccProjectUniqueName2 = RosMockLyn.Core\\RosMockLyn.Core.csproj
		SccProjectName2 = RosMockLyn.Core
		SccLocalPath2 = RosMockLyn.Core
		SccProjectUniqueName3 = TestProject\\TestProject.csproj
		SccProjectName3 = TestProject
		SccLocalPath3 = TestProject
		SccProjectUniqueName4 = GeneratedTestingAssembly\\GeneratedTestingAssembly.csproj
		SccProjectTopLevelParentUniqueName4 = RosMockLyn.sln
		SccProjectName4 = GeneratedTestingAssembly
		SccLocalPath4 = GeneratedTestingAssembly
		SccProjectUniqueName5 = TestingAssembly.Tests\\TestingAssembly.Tests.csproj
		SccProjectTopLevelParentUniqueName5 = RosMockLyn.sln
		SccProjectName5 = TestingAssembly.Tests
		SccLocalPath5 = TestingAssembly.Tests
	EndGlobalSection
	GlobalSection(SolutionConfigurationPlatforms) = preSolution
		Debug|Any CPU = Debug|Any CPU
		Release|Any CPU = Release|Any CPU
	EndGlobalSection
	GlobalSection(ProjectConfigurationPlatforms) = postSolution
		{93F224D4-5948-446C-A1AE-D1C7E0D94952}.Debug|Any CPU.ActiveCfg = Debug|Any CPU
		{93F224D4-5948-446C-A1AE-D1C7E0D94952}.Debug|Any CPU.Build.0 = Debug|Any CPU
		{93F224D4-5948-446C-A1AE-D1C7E0D94952}.Release|Any CPU.ActiveCfg = Release|Any CPU
		{93F224D4-5948-446C-A1AE-D1C7E0D94952}.Release|Any CPU.Build.0 = Release|Any CPU
		{02A07CAC-A4FC-4188-8315-E359C8BEC92D}.Debug|Any CPU.ActiveCfg = Debug|Any CPU
		{02A07CAC-A4FC-4188-8315-E359C8BEC92D}.Debug|Any CPU.Build.0 = Debug|Any CPU
		{02A07CAC-A4FC-4188-8315-E359C8BEC92D}.Release|Any CPU.ActiveCfg = Release|Any CPU
		{02A07CAC-A4FC-4188-8315-E359C8BEC92D}.Release|Any CPU.Build.0 = Release|Any CPU
		{003D8DE4-2D92-4D3B-A2AC-51C16A622F2C}.Debug|Any CPU.ActiveCfg = Debug|Any CPU
		{003D8DE4-2D92-4D3B-A2AC-51C16A622F2C}.Debug|Any CPU.Build.0 = Debug|Any CPU
		{003D8DE4-2D92-4D3B-A2AC-51C16A622F2C}.Release|Any CPU.ActiveCfg = Release|Any CPU
		{003D8DE4-2D92-4D3B-A2AC-51C16A622F2C}.Release|Any CPU.Build.0 = Release|Any CPU
		{98BD449F-64CC-4193-A76C-1A517CF42632}.Debug|Any CPU.ActiveCfg = Debug|Any CPU
		{98BD449F-64CC-4193-A76C-1A517CF42632}.Debug|Any CPU.Build.0 = Debug|Any CPU
		{98BD449F-64CC-4193-A76C-1A517CF42632}.Release|Any CPU.ActiveCfg = Release|Any CPU
		{98BD449F-64CC-4193-A76C-1A517CF42632}.Release|Any CPU.Build.0 = Release|Any CPU
		{3AA631B6-C852-4B1B-89EA-119D87516C92}.Debug|Any CPU.ActiveCfg = Debug|Any CPU
		{3AA631B6-C852-4B1B-89EA-119D87516C92}.Debug|Any CPU.Build.0 = Debug|Any CPU
		{3AA631B6-C852-4B1B-89EA-119D87516C92}.Release|Any CPU.ActiveCfg = Release|Any CPU
		{3AA631B6-C852-4B1B-89EA-119D87516C92}.Release|Any CPU.Build.0 = Release|Any CPU
	EndGlobalSection
	GlobalSection(SolutionProperties) = preSolution
		HideSolutionNode = FALSE
	EndGlobalSection
	GlobalSection(NestedProjects) = preSolution
		{98BD449F-64CC-4193-A76C-1A517CF42632} = {CD908017-07B3-4EEC-A2C6-40437F4824FF}
		{3AA631B6-C852-4B1B-89EA-119D87516C92} = {CD908017-07B3-4EEC-A2C6-40437F4824FF}
	EndGlobalSection
EndGlobal
