
Microsoft Visual Studio Solution File, Format Version 12.00
# Visual Studio 2013
VisualStudioVersion = 12.0.30723.0
MinimumVisualStudioVersion = 10.0.40219.1
Project("{FAE04EC0-301F-11D3-BF4B-00C04F79EFBC}") = "RosMockLyn.Cmd", "RosMockLyn.Cmd\RosMockLyn.Cmd.csproj", "{93F224D4-5948-446C-A1AE-D1C7E0D94952}"
EndProject
Project("{FAE04EC0-301F-11D3-BF4B-00C04F79EFBC}") = "RosMockLyn.Core", "RosMockLyn.Core\RosMockLyn.Core.csproj", "{02A07CAC-A4FC-4188-8315-E359C8BEC92D}"
EndProject
Global
	GlobalSection(TeamFoundationVersionControl) = preSolution
		SccNumberOfProjects = 3
		SccEnterpriseProvider = {4CA58AB2-18FA-4F8D-95D4-32DDF27D184C}
		SccTeamFoundationServer = https://namelessone.visualstudio.com/defaultcollection
		SccLocalPath0 = .
		SccProjectUniqueName1 = RosMockLyn.Cmd\\RosMockLyn.Cmd.csproj
		SccProjectName1 = RosMockLyn.Cmd
		SccLocalPath1 = RosMockLyn.Cmd
		SccProjectUniqueName2 = RosMockLyn.Core\\RosMockLyn.Core.csproj
		SccProjectName2 = RosMockLyn.Core
		SccLocalPath2 = RosMockLyn.Core
	EndGlobalSection
	GlobalSection(SolutionConfigurationPlatforms) = preSolution
		Debug|Any CPU = Debug|Any CPU
		Release|Any CPU = Release|Any CPU
	EndGlobalSection
	GlobalSection(ProjectConfigurationPlatforms) = postSolution
		{93F224D4-5948-446C-A1AE-D1C7E0D94952}.Debug|Any CPU.ActiveCfg = Debug|Any CPU
		{93F224D4-5948-446C-A1AE-D1C7E0D94952}.Debug|Any CPU.Build.0 = Debug|Any CPU
		{93F224D4-5948-446C-A1AE-D1C7E0D94952}.Release|Any CPU.ActiveCfg = Release|Any CPU
		{93F224D4-5948-446C-A1AE-D1C7E0D94952}.Release|Any CPU.Build.0 = Release|Any CPU
		{02A07CAC-A4FC-4188-8315-E359C8BEC92D}.Debug|Any CPU.ActiveCfg = Debug|Any CPU
		{02A07CAC-A4FC-4188-8315-E359C8BEC92D}.Debug|Any CPU.Build.0 = Debug|Any CPU
		{02A07CAC-A4FC-4188-8315-E359C8BEC92D}.Release|Any CPU.ActiveCfg = Release|Any CPU
		{02A07CAC-A4FC-4188-8315-E359C8BEC92D}.Release|Any CPU.Build.0 = Release|Any CPU
	EndGlobalSection
	GlobalSection(SolutionProperties) = preSolution
		HideSolutionNode = FALSE
	EndGlobalSection
EndGlobal
