
Microsoft Visual Studio Solution File, Format Version 12.00
# Visual Studio 2013
VisualStudioVersion = 12.0.31101.0
MinimumVisualStudioVersion = 10.0.40219.1
Project("{FAE04EC0-301F-11D3-BF4B-00C04F79EFBC}") = "RosMockLyn.Cmd", "RosMockLyn.Cmd\RosMockLyn.Cmd.csproj", "{93F224D4-5948-446C-A1AE-D1C7E0D94952}"
EndProject
Project("{FAE04EC0-301F-11D3-BF4B-00C04F79EFBC}") = "RosMockLyn.Core", "RosMockLyn.Core\RosMockLyn.Core.csproj", "{02A07CAC-A4FC-4188-8315-E359C8BEC92D}"
EndProject
Project("{FAE04EC0-301F-11D3-BF4B-00C04F79EFBC}") = "TestProject", "TestProject\TestProject.csproj", "{003D8DE4-2D92-4D3B-A2AC-51C16A622F2C}"
EndProject
Project("{2150E333-8FDC-42A3-9474-1A3956D46DE8}") = ".nuget", ".nuget", "{C6D75B65-C842-4D54-BD80-D9987120A107}"
	ProjectSection(SolutionItems) = preProject
		.nuget\NuGet.Config = .nuget\NuGet.Config
		.nuget\NuGet.exe = .nuget\NuGet.exe
		.nuget\NuGet.targets = .nuget\NuGet.targets
		Settings.StyleCop = Settings.StyleCop
	EndProjectSection
EndProject
Project("{2150E333-8FDC-42A3-9474-1A3956D46DE8}") = "Sandbox", "Sandbox", "{CD908017-07B3-4EEC-A2C6-40437F4824FF}"
EndProject
Project("{FAE04EC0-301F-11D3-BF4B-00C04F79EFBC}") = "GeneratedTestingAssembly", "GeneratedTestingAssembly\GeneratedTestingAssembly.csproj", "{98BD449F-64CC-4193-A76C-1A517CF42632}"
EndProject
Project("{2150E333-8FDC-42A3-9474-1A3956D46DE8}") = "CodeGenerator", "CodeGenerator", "{7528AB22-0B49-44AD-9673-5DCECDD8808A}"
EndProject
Project("{FAE04EC0-301F-11D3-BF4B-00C04F79EFBC}") = "RosMockLyn.Mocking", "RosMockLyn.Mocking\RosMockLyn.Mocking.csproj", "{8304E31C-400E-47BA-A083-0B1ABD72F1A6}"
EndProject
Project("{FAE04EC0-301F-11D3-BF4B-00C04F79EFBC}") = "RosMockLyn.Mocking.Tests", "RosMockLyn.Mocking.Tests\RosMockLyn.Mocking.Tests.csproj", "{605E59EE-1031-4EA2-9A29-A8FF57B6AB05}"
EndProject
Project("{FAE04EC0-301F-11D3-BF4B-00C04F79EFBC}") = "AssemblyWithInterfaces", "AssemblyWithInterfaces\AssemblyWithInterfaces.csproj", "{597007AB-7EC8-48AA-884C-86D8A90A12F7}"
EndProject
Project("{FAE04EC0-301F-11D3-BF4B-00C04F79EFBC}") = "GeneratedTestingAssembly.Tests", "GeneratedTestingAssembly.Tests\GeneratedTestingAssembly.Tests.csproj", "{41E3549F-0B67-4C6E-A3D5-7D871CB393CC}"
EndProject
Project("{2150E333-8FDC-42A3-9474-1A3956D46DE8}") = "MockingFramework", "MockingFramework", "{43E8B138-C0CA-4F5B-B20A-C132BC4B8A8C}"
EndProject
Project("{FAE04EC0-301F-11D3-BF4B-00C04F79EFBC}") = "TestProjectPort", "TestProjectPort\TestProjectPort.csproj", "{EAE1A96B-22AB-47B6-BC0B-A356F0162B59}"
EndProject
Project("{FAE04EC0-301F-11D3-BF4B-00C04F79EFBC}") = "RosMockLyn.Core.Tests", "RosMockLyn.Core.Tests\RosMockLyn.Core.Tests.csproj", "{1E1C1C2B-D66C-4543-8CEF-D887C4D7C8CE}"
EndProject
Project("{2150E333-8FDC-42A3-9474-1A3956D46DE8}") = "BuildTarget", "BuildTarget", "{37217691-04E2-4CC3-B6DD-69FEE604DDBC}"
EndProject
Project("{FAE04EC0-301F-11D3-BF4B-00C04F79EFBC}") = "RosMockLyn.Build", "RosMockLyn.Build\RosMockLyn.Build.csproj", "{15C07ACA-FD12-4B90-B051-DC88150E2AD5}"
EndProject
Global
	GlobalSection(TeamFoundationVersionControl) = preSolution
		SccNumberOfProjects = 12
		SccEnterpriseProvider = {4CA58AB2-18FA-4F8D-95D4-32DDF27D184C}
		SccTeamFoundationServer = https://namelessone.visualstudio.com/defaultcollection
		SccLocalPath0 = .
		SccProjectUniqueName1 = RosMockLyn.Cmd\\RosMockLyn.Cmd.csproj
		SccProjectTopLevelParentUniqueName1 = RosMockLyn.sln
		SccProjectName1 = RosMockLyn.Cmd
		SccLocalPath1 = RosMockLyn.Cmd
		SccProjectUniqueName2 = RosMockLyn.Core\\RosMockLyn.Core.csproj
		SccProjectTopLevelParentUniqueName2 = RosMockLyn.sln
		SccProjectName2 = RosMockLyn.Core
		SccLocalPath2 = RosMockLyn.Core
		SccProjectUniqueName3 = TestProject\\TestProject.csproj
		SccProjectTopLevelParentUniqueName3 = RosMockLyn.sln
		SccProjectName3 = TestProject
		SccLocalPath3 = TestProject
		SccProjectUniqueName4 = GeneratedTestingAssembly\\GeneratedTestingAssembly.csproj
		SccProjectTopLevelParentUniqueName4 = RosMockLyn.sln
		SccProjectName4 = GeneratedTestingAssembly
		SccLocalPath4 = GeneratedTestingAssembly
		SccProjectUniqueName5 = AssemblyWithInterfaces\\AssemblyWithInterfaces.csproj
		SccProjectTopLevelParentUniqueName5 = RosMockLyn.sln
		SccProjectName5 = AssemblyWithInterfaces
		SccLocalPath5 = AssemblyWithInterfaces
		SccProjectUniqueName6 = GeneratedTestingAssembly.Tests\\GeneratedTestingAssembly.Tests.csproj
		SccProjectTopLevelParentUniqueName6 = RosMockLyn.sln
		SccProjectName6 = GeneratedTestingAssembly.Tests
		SccLocalPath6 = GeneratedTestingAssembly.Tests
		SccProjectUniqueName7 = RosMockLyn.Mocking\\RosMockLyn.Mocking.csproj
		SccProjectTopLevelParentUniqueName7 = RosMockLyn.sln
		SccProjectName7 = RosMockLyn.Mocking
		SccLocalPath7 = RosMockLyn.Mocking
		SccProjectUniqueName8 = RosMockLyn.Mocking.Tests\\RosMockLyn.Mocking.Tests.csproj
		SccProjectTopLevelParentUniqueName8 = RosMockLyn.sln
		SccProjectName8 = RosMockLyn.Mocking.Tests
		SccLocalPath8 = RosMockLyn.Mocking.Tests
		SccProjectUniqueName9 = TestProjectPort\\TestProjectPort.csproj
		SccProjectTopLevelParentUniqueName9 = RosMockLyn.sln
		SccProjectName9 = TestProjectPort
		SccLocalPath9 = TestProjectPort
		SccProjectUniqueName10 = RosMockLyn.Core.Tests\\RosMockLyn.Core.Tests.csproj
		SccProjectTopLevelParentUniqueName10 = RosMockLyn.sln
		SccProjectName10 = RosMockLyn.Core.Tests
		SccLocalPath10 = RosMockLyn.Core.Tests
		SccProjectUniqueName11 = RosMockLyn.Build\\RosMockLyn.Build.csproj
		SccProjectTopLevelParentUniqueName11 = RosMockLyn.sln
		SccProjectName11 = RosMockLyn.Build
		SccLocalPath11 = RosMockLyn.Build
	EndGlobalSection
	GlobalSection(SolutionConfigurationPlatforms) = preSolution
		Debug|Any CPU = Debug|Any CPU
		Debug|ARM = Debug|ARM
		Debug|x64 = Debug|x64
		Debug|x86 = Debug|x86
		Release|Any CPU = Release|Any CPU
		Release|ARM = Release|ARM
		Release|x64 = Release|x64
		Release|x86 = Release|x86
	EndGlobalSection
	GlobalSection(ProjectConfigurationPlatforms) = postSolution
		{93F224D4-5948-446C-A1AE-D1C7E0D94952}.Debug|Any CPU.ActiveCfg = Debug|Any CPU
		{93F224D4-5948-446C-A1AE-D1C7E0D94952}.Debug|Any CPU.Build.0 = Debug|Any CPU
		{93F224D4-5948-446C-A1AE-D1C7E0D94952}.Debug|ARM.ActiveCfg = Debug|Any CPU
		{93F224D4-5948-446C-A1AE-D1C7E0D94952}.Debug|x64.ActiveCfg = Debug|Any CPU
		{93F224D4-5948-446C-A1AE-D1C7E0D94952}.Debug|x86.ActiveCfg = Debug|Any CPU
		{93F224D4-5948-446C-A1AE-D1C7E0D94952}.Release|Any CPU.ActiveCfg = Release|Any CPU
		{93F224D4-5948-446C-A1AE-D1C7E0D94952}.Release|Any CPU.Build.0 = Release|Any CPU
		{93F224D4-5948-446C-A1AE-D1C7E0D94952}.Release|ARM.ActiveCfg = Release|Any CPU
		{93F224D4-5948-446C-A1AE-D1C7E0D94952}.Release|x64.ActiveCfg = Release|Any CPU
		{93F224D4-5948-446C-A1AE-D1C7E0D94952}.Release|x86.ActiveCfg = Release|Any CPU
		{02A07CAC-A4FC-4188-8315-E359C8BEC92D}.Debug|Any CPU.ActiveCfg = Debug|Any CPU
		{02A07CAC-A4FC-4188-8315-E359C8BEC92D}.Debug|Any CPU.Build.0 = Debug|Any CPU
		{02A07CAC-A4FC-4188-8315-E359C8BEC92D}.Debug|ARM.ActiveCfg = Debug|Any CPU
		{02A07CAC-A4FC-4188-8315-E359C8BEC92D}.Debug|x64.ActiveCfg = Debug|Any CPU
		{02A07CAC-A4FC-4188-8315-E359C8BEC92D}.Debug|x86.ActiveCfg = Debug|Any CPU
		{02A07CAC-A4FC-4188-8315-E359C8BEC92D}.Release|Any CPU.ActiveCfg = Release|Any CPU
		{02A07CAC-A4FC-4188-8315-E359C8BEC92D}.Release|Any CPU.Build.0 = Release|Any CPU
		{02A07CAC-A4FC-4188-8315-E359C8BEC92D}.Release|ARM.ActiveCfg = Release|Any CPU
		{02A07CAC-A4FC-4188-8315-E359C8BEC92D}.Release|x64.ActiveCfg = Release|Any CPU
		{02A07CAC-A4FC-4188-8315-E359C8BEC92D}.Release|x86.ActiveCfg = Release|Any CPU
		{003D8DE4-2D92-4D3B-A2AC-51C16A622F2C}.Debug|Any CPU.ActiveCfg = Debug|Any CPU
		{003D8DE4-2D92-4D3B-A2AC-51C16A622F2C}.Debug|Any CPU.Build.0 = Debug|Any CPU
		{003D8DE4-2D92-4D3B-A2AC-51C16A622F2C}.Debug|ARM.ActiveCfg = Debug|Any CPU
		{003D8DE4-2D92-4D3B-A2AC-51C16A622F2C}.Debug|x64.ActiveCfg = Debug|Any CPU
		{003D8DE4-2D92-4D3B-A2AC-51C16A622F2C}.Debug|x86.ActiveCfg = Debug|Any CPU
		{003D8DE4-2D92-4D3B-A2AC-51C16A622F2C}.Release|Any CPU.ActiveCfg = Release|Any CPU
		{003D8DE4-2D92-4D3B-A2AC-51C16A622F2C}.Release|Any CPU.Build.0 = Release|Any CPU
		{003D8DE4-2D92-4D3B-A2AC-51C16A622F2C}.Release|ARM.ActiveCfg = Release|Any CPU
		{003D8DE4-2D92-4D3B-A2AC-51C16A622F2C}.Release|x64.ActiveCfg = Release|Any CPU
		{003D8DE4-2D92-4D3B-A2AC-51C16A622F2C}.Release|x86.ActiveCfg = Release|Any CPU
		{98BD449F-64CC-4193-A76C-1A517CF42632}.Debug|Any CPU.ActiveCfg = Debug|Any CPU
		{98BD449F-64CC-4193-A76C-1A517CF42632}.Debug|Any CPU.Build.0 = Debug|Any CPU
		{98BD449F-64CC-4193-A76C-1A517CF42632}.Debug|ARM.ActiveCfg = Debug|Any CPU
		{98BD449F-64CC-4193-A76C-1A517CF42632}.Debug|x64.ActiveCfg = Debug|Any CPU
		{98BD449F-64CC-4193-A76C-1A517CF42632}.Debug|x86.ActiveCfg = Debug|Any CPU
		{98BD449F-64CC-4193-A76C-1A517CF42632}.Release|Any CPU.ActiveCfg = Release|Any CPU
		{98BD449F-64CC-4193-A76C-1A517CF42632}.Release|Any CPU.Build.0 = Release|Any CPU
		{98BD449F-64CC-4193-A76C-1A517CF42632}.Release|ARM.ActiveCfg = Release|Any CPU
		{98BD449F-64CC-4193-A76C-1A517CF42632}.Release|x64.ActiveCfg = Release|Any CPU
		{98BD449F-64CC-4193-A76C-1A517CF42632}.Release|x86.ActiveCfg = Release|Any CPU
		{8304E31C-400E-47BA-A083-0B1ABD72F1A6}.Debug|Any CPU.ActiveCfg = Debug|Any CPU
		{8304E31C-400E-47BA-A083-0B1ABD72F1A6}.Debug|Any CPU.Build.0 = Debug|Any CPU
		{8304E31C-400E-47BA-A083-0B1ABD72F1A6}.Debug|ARM.ActiveCfg = Debug|Any CPU
		{8304E31C-400E-47BA-A083-0B1ABD72F1A6}.Debug|x64.ActiveCfg = Debug|Any CPU
		{8304E31C-400E-47BA-A083-0B1ABD72F1A6}.Debug|x86.ActiveCfg = Debug|Any CPU
		{8304E31C-400E-47BA-A083-0B1ABD72F1A6}.Release|Any CPU.ActiveCfg = Release|Any CPU
		{8304E31C-400E-47BA-A083-0B1ABD72F1A6}.Release|Any CPU.Build.0 = Release|Any CPU
		{8304E31C-400E-47BA-A083-0B1ABD72F1A6}.Release|ARM.ActiveCfg = Release|Any CPU
		{8304E31C-400E-47BA-A083-0B1ABD72F1A6}.Release|x64.ActiveCfg = Release|Any CPU
		{8304E31C-400E-47BA-A083-0B1ABD72F1A6}.Release|x86.ActiveCfg = Release|Any CPU
		{605E59EE-1031-4EA2-9A29-A8FF57B6AB05}.Debug|Any CPU.ActiveCfg = Debug|Any CPU
		{605E59EE-1031-4EA2-9A29-A8FF57B6AB05}.Debug|Any CPU.Build.0 = Debug|Any CPU
		{605E59EE-1031-4EA2-9A29-A8FF57B6AB05}.Debug|Any CPU.Deploy.0 = Debug|Any CPU
		{605E59EE-1031-4EA2-9A29-A8FF57B6AB05}.Debug|ARM.ActiveCfg = Debug|ARM
		{605E59EE-1031-4EA2-9A29-A8FF57B6AB05}.Debug|ARM.Build.0 = Debug|ARM
		{605E59EE-1031-4EA2-9A29-A8FF57B6AB05}.Debug|ARM.Deploy.0 = Debug|ARM
		{605E59EE-1031-4EA2-9A29-A8FF57B6AB05}.Debug|x64.ActiveCfg = Debug|x64
		{605E59EE-1031-4EA2-9A29-A8FF57B6AB05}.Debug|x64.Build.0 = Debug|x64
		{605E59EE-1031-4EA2-9A29-A8FF57B6AB05}.Debug|x64.Deploy.0 = Debug|x64
		{605E59EE-1031-4EA2-9A29-A8FF57B6AB05}.Debug|x86.ActiveCfg = Debug|x86
		{605E59EE-1031-4EA2-9A29-A8FF57B6AB05}.Debug|x86.Build.0 = Debug|x86
		{605E59EE-1031-4EA2-9A29-A8FF57B6AB05}.Debug|x86.Deploy.0 = Debug|x86
		{605E59EE-1031-4EA2-9A29-A8FF57B6AB05}.Release|Any CPU.ActiveCfg = Release|Any CPU
		{605E59EE-1031-4EA2-9A29-A8FF57B6AB05}.Release|Any CPU.Build.0 = Release|Any CPU
		{605E59EE-1031-4EA2-9A29-A8FF57B6AB05}.Release|Any CPU.Deploy.0 = Release|Any CPU
		{605E59EE-1031-4EA2-9A29-A8FF57B6AB05}.Release|ARM.ActiveCfg = Release|ARM
		{605E59EE-1031-4EA2-9A29-A8FF57B6AB05}.Release|ARM.Build.0 = Release|ARM
		{605E59EE-1031-4EA2-9A29-A8FF57B6AB05}.Release|ARM.Deploy.0 = Release|ARM
		{605E59EE-1031-4EA2-9A29-A8FF57B6AB05}.Release|x64.ActiveCfg = Release|x64
		{605E59EE-1031-4EA2-9A29-A8FF57B6AB05}.Release|x64.Build.0 = Release|x64
		{605E59EE-1031-4EA2-9A29-A8FF57B6AB05}.Release|x64.Deploy.0 = Release|x64
		{605E59EE-1031-4EA2-9A29-A8FF57B6AB05}.Release|x86.ActiveCfg = Release|x86
		{605E59EE-1031-4EA2-9A29-A8FF57B6AB05}.Release|x86.Build.0 = Release|x86
		{605E59EE-1031-4EA2-9A29-A8FF57B6AB05}.Release|x86.Deploy.0 = Release|x86
		{597007AB-7EC8-48AA-884C-86D8A90A12F7}.Debug|Any CPU.ActiveCfg = Debug|Any CPU
		{597007AB-7EC8-48AA-884C-86D8A90A12F7}.Debug|Any CPU.Build.0 = Debug|Any CPU
		{597007AB-7EC8-48AA-884C-86D8A90A12F7}.Debug|ARM.ActiveCfg = Debug|Any CPU
		{597007AB-7EC8-48AA-884C-86D8A90A12F7}.Debug|x64.ActiveCfg = Debug|Any CPU
		{597007AB-7EC8-48AA-884C-86D8A90A12F7}.Debug|x86.ActiveCfg = Debug|Any CPU
		{597007AB-7EC8-48AA-884C-86D8A90A12F7}.Release|Any CPU.ActiveCfg = Release|Any CPU
		{597007AB-7EC8-48AA-884C-86D8A90A12F7}.Release|Any CPU.Build.0 = Release|Any CPU
		{597007AB-7EC8-48AA-884C-86D8A90A12F7}.Release|ARM.ActiveCfg = Release|Any CPU
		{597007AB-7EC8-48AA-884C-86D8A90A12F7}.Release|x64.ActiveCfg = Release|Any CPU
		{597007AB-7EC8-48AA-884C-86D8A90A12F7}.Release|x86.ActiveCfg = Release|Any CPU
		{41E3549F-0B67-4C6E-A3D5-7D871CB393CC}.Debug|Any CPU.ActiveCfg = Debug|Any CPU
		{41E3549F-0B67-4C6E-A3D5-7D871CB393CC}.Debug|Any CPU.Build.0 = Debug|Any CPU
		{41E3549F-0B67-4C6E-A3D5-7D871CB393CC}.Debug|Any CPU.Deploy.0 = Debug|Any CPU
		{41E3549F-0B67-4C6E-A3D5-7D871CB393CC}.Debug|ARM.ActiveCfg = Debug|ARM
		{41E3549F-0B67-4C6E-A3D5-7D871CB393CC}.Debug|ARM.Build.0 = Debug|ARM
		{41E3549F-0B67-4C6E-A3D5-7D871CB393CC}.Debug|ARM.Deploy.0 = Debug|ARM
		{41E3549F-0B67-4C6E-A3D5-7D871CB393CC}.Debug|x64.ActiveCfg = Debug|x64
		{41E3549F-0B67-4C6E-A3D5-7D871CB393CC}.Debug|x64.Build.0 = Debug|x64
		{41E3549F-0B67-4C6E-A3D5-7D871CB393CC}.Debug|x64.Deploy.0 = Debug|x64
		{41E3549F-0B67-4C6E-A3D5-7D871CB393CC}.Debug|x86.ActiveCfg = Debug|x86
		{41E3549F-0B67-4C6E-A3D5-7D871CB393CC}.Debug|x86.Build.0 = Debug|x86
		{41E3549F-0B67-4C6E-A3D5-7D871CB393CC}.Debug|x86.Deploy.0 = Debug|x86
		{41E3549F-0B67-4C6E-A3D5-7D871CB393CC}.Release|Any CPU.ActiveCfg = Release|Any CPU
		{41E3549F-0B67-4C6E-A3D5-7D871CB393CC}.Release|Any CPU.Build.0 = Release|Any CPU
		{41E3549F-0B67-4C6E-A3D5-7D871CB393CC}.Release|Any CPU.Deploy.0 = Release|Any CPU
		{41E3549F-0B67-4C6E-A3D5-7D871CB393CC}.Release|ARM.ActiveCfg = Release|ARM
		{41E3549F-0B67-4C6E-A3D5-7D871CB393CC}.Release|ARM.Build.0 = Release|ARM
		{41E3549F-0B67-4C6E-A3D5-7D871CB393CC}.Release|ARM.Deploy.0 = Release|ARM
		{41E3549F-0B67-4C6E-A3D5-7D871CB393CC}.Release|x64.ActiveCfg = Release|x64
		{41E3549F-0B67-4C6E-A3D5-7D871CB393CC}.Release|x64.Build.0 = Release|x64
		{41E3549F-0B67-4C6E-A3D5-7D871CB393CC}.Release|x64.Deploy.0 = Release|x64
		{41E3549F-0B67-4C6E-A3D5-7D871CB393CC}.Release|x86.ActiveCfg = Release|x86
		{41E3549F-0B67-4C6E-A3D5-7D871CB393CC}.Release|x86.Build.0 = Release|x86
		{41E3549F-0B67-4C6E-A3D5-7D871CB393CC}.Release|x86.Deploy.0 = Release|x86
		{EAE1A96B-22AB-47B6-BC0B-A356F0162B59}.Debug|Any CPU.ActiveCfg = Debug|Any CPU
		{EAE1A96B-22AB-47B6-BC0B-A356F0162B59}.Debug|Any CPU.Build.0 = Debug|Any CPU
		{EAE1A96B-22AB-47B6-BC0B-A356F0162B59}.Debug|ARM.ActiveCfg = Debug|Any CPU
		{EAE1A96B-22AB-47B6-BC0B-A356F0162B59}.Debug|x64.ActiveCfg = Debug|Any CPU
		{EAE1A96B-22AB-47B6-BC0B-A356F0162B59}.Debug|x86.ActiveCfg = Debug|Any CPU
		{EAE1A96B-22AB-47B6-BC0B-A356F0162B59}.Release|Any CPU.ActiveCfg = Release|Any CPU
		{EAE1A96B-22AB-47B6-BC0B-A356F0162B59}.Release|Any CPU.Build.0 = Release|Any CPU
		{EAE1A96B-22AB-47B6-BC0B-A356F0162B59}.Release|ARM.ActiveCfg = Release|Any CPU
		{EAE1A96B-22AB-47B6-BC0B-A356F0162B59}.Release|x64.ActiveCfg = Release|Any CPU
		{EAE1A96B-22AB-47B6-BC0B-A356F0162B59}.Release|x86.ActiveCfg = Release|Any CPU
		{1E1C1C2B-D66C-4543-8CEF-D887C4D7C8CE}.Debug|Any CPU.ActiveCfg = Debug|Any CPU
		{1E1C1C2B-D66C-4543-8CEF-D887C4D7C8CE}.Debug|Any CPU.Build.0 = Debug|Any CPU
		{1E1C1C2B-D66C-4543-8CEF-D887C4D7C8CE}.Debug|ARM.ActiveCfg = Debug|Any CPU
		{1E1C1C2B-D66C-4543-8CEF-D887C4D7C8CE}.Debug|x64.ActiveCfg = Debug|Any CPU
		{1E1C1C2B-D66C-4543-8CEF-D887C4D7C8CE}.Debug|x86.ActiveCfg = Debug|Any CPU
		{1E1C1C2B-D66C-4543-8CEF-D887C4D7C8CE}.Release|Any CPU.ActiveCfg = Release|Any CPU
		{1E1C1C2B-D66C-4543-8CEF-D887C4D7C8CE}.Release|Any CPU.Build.0 = Release|Any CPU
		{1E1C1C2B-D66C-4543-8CEF-D887C4D7C8CE}.Release|ARM.ActiveCfg = Release|Any CPU
		{1E1C1C2B-D66C-4543-8CEF-D887C4D7C8CE}.Release|x64.ActiveCfg = Release|Any CPU
		{1E1C1C2B-D66C-4543-8CEF-D887C4D7C8CE}.Release|x86.ActiveCfg = Release|Any CPU
		{15C07ACA-FD12-4B90-B051-DC88150E2AD5}.Debug|Any CPU.ActiveCfg = Debug|Any CPU
		{15C07ACA-FD12-4B90-B051-DC88150E2AD5}.Debug|Any CPU.Build.0 = Debug|Any CPU
		{15C07ACA-FD12-4B90-B051-DC88150E2AD5}.Debug|ARM.ActiveCfg = Debug|Any CPU
		{15C07ACA-FD12-4B90-B051-DC88150E2AD5}.Debug|x64.ActiveCfg = Debug|Any CPU
		{15C07ACA-FD12-4B90-B051-DC88150E2AD5}.Debug|x86.ActiveCfg = Debug|Any CPU
		{15C07ACA-FD12-4B90-B051-DC88150E2AD5}.Release|Any CPU.ActiveCfg = Release|Any CPU
		{15C07ACA-FD12-4B90-B051-DC88150E2AD5}.Release|Any CPU.Build.0 = Release|Any CPU
		{15C07ACA-FD12-4B90-B051-DC88150E2AD5}.Release|ARM.ActiveCfg = Release|Any CPU
		{15C07ACA-FD12-4B90-B051-DC88150E2AD5}.Release|x64.ActiveCfg = Release|Any CPU
		{15C07ACA-FD12-4B90-B051-DC88150E2AD5}.Release|x86.ActiveCfg = Release|Any CPU
	EndGlobalSection
	GlobalSection(SolutionProperties) = preSolution
		HideSolutionNode = FALSE
	EndGlobalSection
	GlobalSection(NestedProjects) = preSolution
		{93F224D4-5948-446C-A1AE-D1C7E0D94952} = {7528AB22-0B49-44AD-9673-5DCECDD8808A}
		{02A07CAC-A4FC-4188-8315-E359C8BEC92D} = {7528AB22-0B49-44AD-9673-5DCECDD8808A}
		{003D8DE4-2D92-4D3B-A2AC-51C16A622F2C} = {7528AB22-0B49-44AD-9673-5DCECDD8808A}
		{98BD449F-64CC-4193-A76C-1A517CF42632} = {CD908017-07B3-4EEC-A2C6-40437F4824FF}
		{8304E31C-400E-47BA-A083-0B1ABD72F1A6} = {43E8B138-C0CA-4F5B-B20A-C132BC4B8A8C}
		{605E59EE-1031-4EA2-9A29-A8FF57B6AB05} = {43E8B138-C0CA-4F5B-B20A-C132BC4B8A8C}
		{597007AB-7EC8-48AA-884C-86D8A90A12F7} = {CD908017-07B3-4EEC-A2C6-40437F4824FF}
		{41E3549F-0B67-4C6E-A3D5-7D871CB393CC} = {CD908017-07B3-4EEC-A2C6-40437F4824FF}
		{EAE1A96B-22AB-47B6-BC0B-A356F0162B59} = {7528AB22-0B49-44AD-9673-5DCECDD8808A}
		{1E1C1C2B-D66C-4543-8CEF-D887C4D7C8CE} = {7528AB22-0B49-44AD-9673-5DCECDD8808A}
		{15C07ACA-FD12-4B90-B051-DC88150E2AD5} = {37217691-04E2-4CC3-B6DD-69FEE604DDBC}
	EndGlobalSection
EndGlobal
